# THIS IS AN AUTOGENERATED FILE. DO NOT EDIT THIS FILE DIRECTLY.
# yarn lockfile v1


esm@^3.2.11:
  version "3.2.11"
  resolved "https://registry.yarnpkg.com/esm/-/esm-3.2.11.tgz#f6ac0c7fbb682324e80f48950130f5a5fe953f35"
  integrity sha512-OhgzK4tmov6Ih2gQ28k8e5kV07sGgEKG+ys3PqbDd2FBXpsZkGpFotFbrm0+KmuD2ktaV4hdPYQTDMpq9FjeTA==
